// !$*UTF8*$!
{
	archiveVersion = 1;
	classes = {
	};
	objectVersion = 48;
	objects = {

/* Begin PBXBuildFile section */
		5F315B83207963BB004BFD2B /* WelcomeViewController.swift in Sources */ = {isa = PBXBuildFile; fileRef = 5F315B82207963BB004BFD2B /* WelcomeViewController.swift */; };
		5F904C032077AF3F00C04E95 /* AppDelegate.swift in Sources */ = {isa = PBXBuildFile; fileRef = 5F904C022077AF3F00C04E95 /* AppDelegate.swift */; };
		5F904C052077AF3F00C04E95 /* TasbeehAfterSalaaViewController.swift in Sources */ = {isa = PBXBuildFile; fileRef = 5F904C042077AF3F00C04E95 /* TasbeehAfterSalaaViewController.swift */; };
		5F904C082077AF3F00C04E95 /* Main.storyboard in Resources */ = {isa = PBXBuildFile; fileRef = 5F904C062077AF3F00C04E95 /* Main.storyboard */; };
		5F904C0B2077AF3F00C04E95 /* Ozkor.xcdatamodeld in Sources */ = {isa = PBXBuildFile; fileRef = 5F904C092077AF3F00C04E95 /* Ozkor.xcdatamodeld */; };
		5F904C0D2077AF3F00C04E95 /* Assets.xcassets in Resources */ = {isa = PBXBuildFile; fileRef = 5F904C0C2077AF3F00C04E95 /* Assets.xcassets */; };
		5F904C102077AF3F00C04E95 /* LaunchScreen.storyboard in Resources */ = {isa = PBXBuildFile; fileRef = 5F904C0E2077AF3F00C04E95 /* LaunchScreen.storyboard */; };
		5F9B7686207A66F7000A562B /* MenuViewController.swift in Sources */ = {isa = PBXBuildFile; fileRef = 5F9B7685207A66F7000A562B /* MenuViewController.swift */; };
		5F9B7688207A68DE000A562B /* CircularTransition.swift in Sources */ = {isa = PBXBuildFile; fileRef = 5F9B7687207A68DE000A562B /* CircularTransition.swift */; };
		5FB43419207AA0670048E688 /* MenuTableViewCell.swift in Sources */ = {isa = PBXBuildFile; fileRef = 5FB43417207AA0670048E688 /* MenuTableViewCell.swift */; };
		5FB4341A207AA0670048E688 /* MenuTableViewCell.xib in Resources */ = {isa = PBXBuildFile; fileRef = 5FB43418207AA0670048E688 /* MenuTableViewCell.xib */; };
		AF86E543D683A1B0FE40DBC7 /* Pods_Ozkor.framework in Frameworks */ = {isa = PBXBuildFile; fileRef = 422E94279D94867F6A35AE0D /* Pods_Ozkor.framework */; };
/* End PBXBuildFile section */

/* Begin PBXFileReference section */
		422E94279D94867F6A35AE0D /* Pods_Ozkor.framework */ = {isa = PBXFileReference; explicitFileType = wrapper.framework; includeInIndex = 0; path = Pods_Ozkor.framework; sourceTree = BUILT_PRODUCTS_DIR; };
		5F315B82207963BB004BFD2B /* WelcomeViewController.swift */ = {isa = PBXFileReference; lastKnownFileType = sourcecode.swift; path = WelcomeViewController.swift; sourceTree = "<group>"; };
		5F904BFF2077AF3F00C04E95 /* Ozkor.app */ = {isa = PBXFileReference; explicitFileType = wrapper.application; includeInIndex = 0; path = Ozkor.app; sourceTree = BUILT_PRODUCTS_DIR; };
		5F904C022077AF3F00C04E95 /* AppDelegate.swift */ = {isa = PBXFileReference; lastKnownFileType = sourcecode.swift; path = AppDelegate.swift; sourceTree = "<group>"; };
		5F904C042077AF3F00C04E95 /* TasbeehAfterSalaaViewController.swift */ = {isa = PBXFileReference; lastKnownFileType = sourcecode.swift; path = TasbeehAfterSalaaViewController.swift; sourceTree = "<group>"; };
		5F904C072077AF3F00C04E95 /* Base */ = {isa = PBXFileReference; lastKnownFileType = file.storyboard; name = Base; path = Base.lproj/Main.storyboard; sourceTree = "<group>"; };
		5F904C0A2077AF3F00C04E95 /* Ozkor.xcdatamodel */ = {isa = PBXFileReference; lastKnownFileType = wrapper.xcdatamodel; path = Ozkor.xcdatamodel; sourceTree = "<group>"; };
		5F904C0C2077AF3F00C04E95 /* Assets.xcassets */ = {isa = PBXFileReference; lastKnownFileType = folder.assetcatalog; path = Assets.xcassets; sourceTree = "<group>"; };
		5F904C0F2077AF3F00C04E95 /* Base */ = {isa = PBXFileReference; lastKnownFileType = file.storyboard; name = Base; path = Base.lproj/LaunchScreen.storyboard; sourceTree = "<group>"; };
		5F904C112077AF3F00C04E95 /* Info.plist */ = {isa = PBXFileReference; lastKnownFileType = text.plist.xml; path = Info.plist; sourceTree = "<group>"; };
		5F9B7685207A66F7000A562B /* MenuViewController.swift */ = {isa = PBXFileReference; lastKnownFileType = sourcecode.swift; path = MenuViewController.swift; sourceTree = "<group>"; };
		5F9B7687207A68DE000A562B /* CircularTransition.swift */ = {isa = PBXFileReference; lastKnownFileType = sourcecode.swift; path = CircularTransition.swift; sourceTree = "<group>"; };
		5FB43417207AA0670048E688 /* MenuTableViewCell.swift */ = {isa = PBXFileReference; lastKnownFileType = sourcecode.swift; path = MenuTableViewCell.swift; sourceTree = "<group>"; };
		5FB43418207AA0670048E688 /* MenuTableViewCell.xib */ = {isa = PBXFileReference; lastKnownFileType = file.xib; path = MenuTableViewCell.xib; sourceTree = "<group>"; };
		6E19F856DD701779490CA16E /* Pods-Ozkor.debug.xcconfig */ = {isa = PBXFileReference; includeInIndex = 1; lastKnownFileType = text.xcconfig; name = "Pods-Ozkor.debug.xcconfig"; path = "Pods/Target Support Files/Pods-Ozkor/Pods-Ozkor.debug.xcconfig"; sourceTree = "<group>"; };
		E2814BC05A4DEA588FFE72BE /* Pods-Ozkor.release.xcconfig */ = {isa = PBXFileReference; includeInIndex = 1; lastKnownFileType = text.xcconfig; name = "Pods-Ozkor.release.xcconfig"; path = "Pods/Target Support Files/Pods-Ozkor/Pods-Ozkor.release.xcconfig"; sourceTree = "<group>"; };
/* End PBXFileReference section */

/* Begin PBXFrameworksBuildPhase section */
		5F904BFC2077AF3F00C04E95 /* Frameworks */ = {
			isa = PBXFrameworksBuildPhase;
			buildActionMask = 2147483647;
			files = (
				AF86E543D683A1B0FE40DBC7 /* Pods_Ozkor.framework in Frameworks */,
			);
			runOnlyForDeploymentPostprocessing = 0;
		};
/* End PBXFrameworksBuildPhase section */

/* Begin PBXGroup section */
		3C4A7DE16D70B9673BEBC7F2 /* Frameworks */ = {
			isa = PBXGroup;
			children = (
				422E94279D94867F6A35AE0D /* Pods_Ozkor.framework */,
			);
			name = Frameworks;
			sourceTree = "<group>";
		};
		4E6A41E4220634BE311842CF /* Pods */ = {
			isa = PBXGroup;
			children = (
				6E19F856DD701779490CA16E /* Pods-Ozkor.debug.xcconfig */,
				E2814BC05A4DEA588FFE72BE /* Pods-Ozkor.release.xcconfig */,
			);
			name = Pods;
			sourceTree = "<group>";
		};
		5F904BF62077AF3F00C04E95 = {
			isa = PBXGroup;
			children = (
				5F904C012077AF3F00C04E95 /* Ozkor */,
				5F904C002077AF3F00C04E95 /* Products */,
				4E6A41E4220634BE311842CF /* Pods */,
				3C4A7DE16D70B9673BEBC7F2 /* Frameworks */,
			);
			sourceTree = "<group>";
		};
		5F904C002077AF3F00C04E95 /* Products */ = {
			isa = PBXGroup;
			children = (
				5F904BFF2077AF3F00C04E95 /* Ozkor.app */,
			);
			name = Products;
			sourceTree = "<group>";
		};
		5F904C012077AF3F00C04E95 /* Ozkor */ = {
			isa = PBXGroup;
			children = (
				5F904C1A2077AF5100C04E95 /* Model */,
				5F904C192077AF4E00C04E95 /* View */,
				5F904C182077AF4B00C04E95 /* Controller */,
				5F904C172077AF4600C04E95 /* Supporting Files */,
				5F904C112077AF3F00C04E95 /* Info.plist */,
			);
			path = Ozkor;
			sourceTree = "<group>";
		};
		5F904C172077AF4600C04E95 /* Supporting Files */ = {
			isa = PBXGroup;
			children = (
				5F904C0C2077AF3F00C04E95 /* Assets.xcassets */,
			);
			path = "Supporting Files";
			sourceTree = "<group>";
		};
		5F904C182077AF4B00C04E95 /* Controller */ = {
			isa = PBXGroup;
			children = (
				5F904C022077AF3F00C04E95 /* AppDelegate.swift */,
				5F315B82207963BB004BFD2B /* WelcomeViewController.swift */,
				5F9B7685207A66F7000A562B /* MenuViewController.swift */,
				5F904C042077AF3F00C04E95 /* TasbeehAfterSalaaViewController.swift */,
				5F9B7687207A68DE000A562B /* CircularTransition.swift */,
			);
			path = Controller;
			sourceTree = "<group>";
		};
		5F904C192077AF4E00C04E95 /* View */ = {
			isa = PBXGroup;
			children = (
				5FB43416207AA02F0048E688 /* Menu Tableview Cells */,
				5F904C062077AF3F00C04E95 /* Main.storyboard */,
				5F904C0E2077AF3F00C04E95 /* LaunchScreen.storyboard */,
			);
			path = View;
			sourceTree = "<group>";
		};
		5F904C1A2077AF5100C04E95 /* Model */ = {
			isa = PBXGroup;
			children = (
				5F904C092077AF3F00C04E95 /* Ozkor.xcdatamodeld */,
			);
			path = Model;
			sourceTree = "<group>";
		};
		5FB43416207AA02F0048E688 /* Menu Tableview Cells */ = {
			isa = PBXGroup;
			children = (
				5FB43417207AA0670048E688 /* MenuTableViewCell.swift */,
				5FB43418207AA0670048E688 /* MenuTableViewCell.xib */,
			);
			path = "Menu Tableview Cells";
			sourceTree = "<group>";
		};
/* End PBXGroup section */

/* Begin PBXNativeTarget section */
		5F904BFE2077AF3F00C04E95 /* Ozkor */ = {
			isa = PBXNativeTarget;
			buildConfigurationList = 5F904C142077AF3F00C04E95 /* Build configuration list for PBXNativeTarget "Ozkor" */;
			buildPhases = (
				926B92163DF2D4243291E6C0 /* [CP] Check Pods Manifest.lock */,
				5F904BFB2077AF3F00C04E95 /* Sources */,
				5F904BFC2077AF3F00C04E95 /* Frameworks */,
				5F904BFD2077AF3F00C04E95 /* Resources */,
				F99065409DD28F02C9A54CB5 /* [CP] Embed Pods Frameworks */,
				249F0AC6BA07546EA31B6554 /* [CP] Copy Pods Resources */,
			);
			buildRules = (
			);
			dependencies = (
			);
			name = Ozkor;
			productName = Ozkor;
			productReference = 5F904BFF2077AF3F00C04E95 /* Ozkor.app */;
			productType = "com.apple.product-type.application";
		};
/* End PBXNativeTarget section */

/* Begin PBXProject section */
		5F904BF72077AF3F00C04E95 /* Project object */ = {
			isa = PBXProject;
			attributes = {
				LastSwiftUpdateCheck = 0920;
				LastUpgradeCheck = 0920;
				ORGANIZATIONNAME = "Ahmed Ramy";
				TargetAttributes = {
					5F904BFE2077AF3F00C04E95 = {
						CreatedOnToolsVersion = 9.2;
						ProvisioningStyle = Automatic;
					};
				};
			};
			buildConfigurationList = 5F904BFA2077AF3F00C04E95 /* Build configuration list for PBXProject "Ozkor" */;
			compatibilityVersion = "Xcode 8.0";
			developmentRegion = en;
			hasScannedForEncodings = 0;
			knownRegions = (
				en,
				Base,
			);
			mainGroup = 5F904BF62077AF3F00C04E95;
			productRefGroup = 5F904C002077AF3F00C04E95 /* Products */;
			projectDirPath = "";
			projectRoot = "";
			targets = (
				5F904BFE2077AF3F00C04E95 /* Ozkor */,
			);
		};
/* End PBXProject section */

/* Begin PBXResourcesBuildPhase section */
		5F904BFD2077AF3F00C04E95 /* Resources */ = {
			isa = PBXResourcesBuildPhase;
			buildActionMask = 2147483647;
			files = (
				5F904C102077AF3F00C04E95 /* LaunchScreen.storyboard in Resources */,
				5F904C0D2077AF3F00C04E95 /* Assets.xcassets in Resources */,
				5FB4341A207AA0670048E688 /* MenuTableViewCell.xib in Resources */,
				5F904C082077AF3F00C04E95 /* Main.storyboard in Resources */,
			);
			runOnlyForDeploymentPostprocessing = 0;
		};
/* End PBXResourcesBuildPhase section */

/* Begin PBXShellScriptBuildPhase section */
		249F0AC6BA07546EA31B6554 /* [CP] Copy Pods Resources */ = {
			isa = PBXShellScriptBuildPhase;
			buildActionMask = 2147483647;
			files = (
			);
			inputPaths = (
			);
			name = "[CP] Copy Pods Resources";
			outputPaths = (
			);
			runOnlyForDeploymentPostprocessing = 0;
			shellPath = /bin/sh;
			shellScript = "\"${SRCROOT}/Pods/Target Support Files/Pods-Ozkor/Pods-Ozkor-resources.sh\"\n";
			showEnvVarsInLog = 0;
		};
		926B92163DF2D4243291E6C0 /* [CP] Check Pods Manifest.lock */ = {
			isa = PBXShellScriptBuildPhase;
			buildActionMask = 2147483647;
			files = (
			);
			inputPaths = (
				"${PODS_PODFILE_DIR_PATH}/Podfile.lock",
				"${PODS_ROOT}/Manifest.lock",
			);
			name = "[CP] Check Pods Manifest.lock";
			outputPaths = (
				"$(DERIVED_FILE_DIR)/Pods-Ozkor-checkManifestLockResult.txt",
			);
			runOnlyForDeploymentPostprocessing = 0;
			shellPath = /bin/sh;
			shellScript = "diff \"${PODS_PODFILE_DIR_PATH}/Podfile.lock\" \"${PODS_ROOT}/Manifest.lock\" > /dev/null\nif [ $? != 0 ] ; then\n    # print error to STDERR\n    echo \"error: The sandbox is not in sync with the Podfile.lock. Run 'pod install' or update your CocoaPods installation.\" >&2\n    exit 1\nfi\n# This output is used by Xcode 'outputs' to avoid re-running this script phase.\necho \"SUCCESS\" > \"${SCRIPT_OUTPUT_FILE_0}\"\n";
			showEnvVarsInLog = 0;
		};
		F99065409DD28F02C9A54CB5 /* [CP] Embed Pods Frameworks */ = {
			isa = PBXShellScriptBuildPhase;
			buildActionMask = 2147483647;
			files = (
			);
			inputPaths = (
				"${SRCROOT}/Pods/Target Support Files/Pods-Ozkor/Pods-Ozkor-frameworks.sh",
				"${BUILT_PRODUCTS_DIR}/BubbleTransition/BubbleTransition.framework",
				"${BUILT_PRODUCTS_DIR}/Canvas/Canvas.framework",
				"${BUILT_PRODUCTS_DIR}/JTMaterialTransition/JTMaterialTransition.framework",
			);
			name = "[CP] Embed Pods Frameworks";
			outputPaths = (
				"${TARGET_BUILD_DIR}/${FRAMEWORKS_FOLDER_PATH}/BubbleTransition.framework",
				"${TARGET_BUILD_DIR}/${FRAMEWORKS_FOLDER_PATH}/Canvas.framework",
				"${TARGET_BUILD_DIR}/${FRAMEWORKS_FOLDER_PATH}/JTMaterialTransition.framework",
			);
			runOnlyForDeploymentPostprocessing = 0;
			shellPath = /bin/sh;
			shellScript = "\"${SRCROOT}/Pods/Target Support Files/Pods-Ozkor/Pods-Ozkor-frameworks.sh\"\n";
			showEnvVarsInLog = 0;
		};
/* End PBXShellScriptBuildPhase section */

/* Begin PBXSourcesBuildPhase section */
		5F904BFB2077AF3F00C04E95 /* Sources */ = {
			isa = PBXSourcesBuildPhase;
			buildActionMask = 2147483647;
			files = (
				5F904C0B2077AF3F00C04E95 /* Ozkor.xcdatamodeld in Sources */,
				5F9B7688207A68DE000A562B /* CircularTransition.swift in Sources */,
				5FB43419207AA0670048E688 /* MenuTableViewCell.swift in Sources */,
				5F9B7686207A66F7000A562B /* MenuViewController.swift in Sources */,
				5F315B83207963BB004BFD2B /* WelcomeViewController.swift in Sources */,
				5F904C052077AF3F00C04E95 /* TasbeehAfterSalaaViewController.swift in Sources */,
				5F904C032077AF3F00C04E95 /* AppDelegate.swift in Sources */,
			);
			runOnlyForDeploymentPostprocessing = 0;
		};
/* End PBXSourcesBuildPhase section */

/* Begin PBXVariantGroup section */
		5F904C062077AF3F00C04E95 /* Main.storyboard */ = {
			isa = PBXVariantGroup;
			children = (
				5F904C072077AF3F00C04E95 /* Base */,
			);
			name = Main.storyboard;
			sourceTree = "<group>";
		};
		5F904C0E2077AF3F00C04E95 /* LaunchScreen.storyboard */ = {
			isa = PBXVariantGroup;
			children = (
				5F904C0F2077AF3F00C04E95 /* Base */,
			);
			name = LaunchScreen.storyboard;
			sourceTree = "<group>";
		};
/* End PBXVariantGroup section */

/* Begin XCBuildConfiguration section */
		5F904C122077AF3F00C04E95 /* Debug */ = {
			isa = XCBuildConfiguration;
			buildSettings = {
				ALWAYS_SEARCH_USER_PATHS = NO;
				CLANG_ANALYZER_NONNULL = YES;
				CLANG_ANALYZER_NUMBER_OBJECT_CONVERSION = YES_AGGRESSIVE;
				CLANG_CXX_LANGUAGE_STANDARD = "gnu++14";
				CLANG_CXX_LIBRARY = "libc++";
				CLANG_ENABLE_MODULES = YES;
				CLANG_ENABLE_OBJC_ARC = YES;
				CLANG_WARN_BLOCK_CAPTURE_AUTORELEASING = YES;
				CLANG_WARN_BOOL_CONVERSION = YES;
				CLANG_WARN_COMMA = YES;
				CLANG_WARN_CONSTANT_CONVERSION = YES;
				CLANG_WARN_DIRECT_OBJC_ISA_USAGE = YES_ERROR;
				CLANG_WARN_DOCUMENTATION_COMMENTS = YES;
				CLANG_WARN_EMPTY_BODY = YES;
				CLANG_WARN_ENUM_CONVERSION = YES;
				CLANG_WARN_INFINITE_RECURSION = YES;
				CLANG_WARN_INT_CONVERSION = YES;
				CLANG_WARN_NON_LITERAL_NULL_CONVERSION = YES;
				CLANG_WARN_OBJC_LITERAL_CONVERSION = YES;
				CLANG_WARN_OBJC_ROOT_CLASS = YES_ERROR;
				CLANG_WARN_RANGE_LOOP_ANALYSIS = YES;
				CLANG_WARN_STRICT_PROTOTYPES = YES;
				CLANG_WARN_SUSPICIOUS_MOVE = YES;
				CLANG_WARN_UNGUARDED_AVAILABILITY = YES_AGGRESSIVE;
				CLANG_WARN_UNREACHABLE_CODE = YES;
				CLANG_WARN__DUPLICATE_METHOD_MATCH = YES;
				CODE_SIGN_IDENTITY = "iPhone Developer";
				COPY_PHASE_STRIP = NO;
				DEBUG_INFORMATION_FORMAT = dwarf;
				ENABLE_STRICT_OBJC_MSGSEND = YES;
				ENABLE_TESTABILITY = YES;
				GCC_C_LANGUAGE_STANDARD = gnu11;
				GCC_DYNAMIC_NO_PIC = NO;
				GCC_NO_COMMON_BLOCKS = YES;
				GCC_OPTIMIZATION_LEVEL = 0;
				GCC_PREPROCESSOR_DEFINITIONS = (
					"DEBUG=1",
					"$(inherited)",
				);
				GCC_WARN_64_TO_32_BIT_CONVERSION = YES;
				GCC_WARN_ABOUT_RETURN_TYPE = YES_ERROR;
				GCC_WARN_UNDECLARED_SELECTOR = YES;
				GCC_WARN_UNINITIALIZED_AUTOS = YES_AGGRESSIVE;
				GCC_WARN_UNUSED_FUNCTION = YES;
				GCC_WARN_UNUSED_VARIABLE = YES;
				IPHONEOS_DEPLOYMENT_TARGET = 11.2;
				MTL_ENABLE_DEBUG_INFO = YES;
				ONLY_ACTIVE_ARCH = YES;
				SDKROOT = iphoneos;
				SWIFT_ACTIVE_COMPILATION_CONDITIONS = DEBUG;
				SWIFT_OPTIMIZATION_LEVEL = "-Onone";
			};
			name = Debug;
		};
		5F904C132077AF3F00C04E95 /* Release */ = {
			isa = XCBuildConfiguration;
			buildSettings = {
				ALWAYS_SEARCH_USER_PATHS = NO;
				CLANG_ANALYZER_NONNULL = YES;
				CLANG_ANALYZER_NUMBER_OBJECT_CONVERSION = YES_AGGRESSIVE;
				CLANG_CXX_LANGUAGE_STANDARD = "gnu++14";
				CLANG_CXX_LIBRARY = "libc++";
				CLANG_ENABLE_MODULES = YES;
				CLANG_ENABLE_OBJC_ARC = YES;
				CLANG_WARN_BLOCK_CAPTURE_AUTORELEASING = YES;
				CLANG_WARN_BOOL_CONVERSION = YES;
				CLANG_WARN_COMMA = YES;
				CLANG_WARN_CONSTANT_CONVERSION = YES;
				CLANG_WARN_DIRECT_OBJC_ISA_USAGE = YES_ERROR;
				CLANG_WARN_DOCUMENTATION_COMMENTS = YES;
				CLANG_WARN_EMPTY_BODY = YES;
				CLANG_WARN_ENUM_CONVERSION = YES;
				CLANG_WARN_INFINITE_RECURSION = YES;
				CLANG_WARN_INT_CONVERSION = YES;
				CLANG_WARN_NON_LITERAL_NULL_CONVERSION = YES;
				CLANG_WARN_OBJC_LITERAL_CONVERSION = YES;
				CLANG_WARN_OBJC_ROOT_CLASS = YES_ERROR;
				CLANG_WARN_RANGE_LOOP_ANALYSIS = YES;
				CLANG_WARN_STRICT_PROTOTYPES = YES;
				CLANG_WARN_SUSPICIOUS_MOVE = YES;
				CLANG_WARN_UNGUARDED_AVAILABILITY = YES_AGGRESSIVE;
				CLANG_WARN_UNREACHABLE_CODE = YES;
				CLANG_WARN__DUPLICATE_METHOD_MATCH = YES;
				CODE_SIGN_IDENTITY = "iPhone Developer";
				COPY_PHASE_STRIP = NO;
				DEBUG_INFORMATION_FORMAT = "dwarf-with-dsym";
				ENABLE_NS_ASSERTIONS = NO;
				ENABLE_STRICT_OBJC_MSGSEND = YES;
				GCC_C_LANGUAGE_STANDARD = gnu11;
				GCC_NO_COMMON_BLOCKS = YES;
				GCC_WARN_64_TO_32_BIT_CONVERSION = YES;
				GCC_WARN_ABOUT_RETURN_TYPE = YES_ERROR;
				GCC_WARN_UNDECLARED_SELECTOR = YES;
				GCC_WARN_UNINITIALIZED_AUTOS = YES_AGGRESSIVE;
				GCC_WARN_UNUSED_FUNCTION = YES;
				GCC_WARN_UNUSED_VARIABLE = YES;
				IPHONEOS_DEPLOYMENT_TARGET = 11.2;
				MTL_ENABLE_DEBUG_INFO = NO;
				SDKROOT = iphoneos;
				SWIFT_OPTIMIZATION_LEVEL = "-Owholemodule";
				VALIDATE_PRODUCT = YES;
			};
			name = Release;
		};
		5F904C152077AF3F00C04E95 /* Debug */ = {
			isa = XCBuildConfiguration;
			baseConfigurationReference = 6E19F856DD701779490CA16E /* Pods-Ozkor.debug.xcconfig */;
			buildSettings = {
				ASSETCATALOG_COMPILER_APPICON_NAME = AppIcon;
				CODE_SIGN_STYLE = Automatic;
				DEVELOPMENT_TEAM = 969Y6REAB6;
				INFOPLIST_FILE = Ozkor/Info.plist;
				LD_RUNPATH_SEARCH_PATHS = "$(inherited) @executable_path/Frameworks";
				PRODUCT_BUNDLE_IDENTIFIER = ShaDiLiX.Ozkor;
				PRODUCT_NAME = "$(TARGET_NAME)";
				SWIFT_VERSION = 4.0;
				TARGETED_DEVICE_FAMILY = "1,2";
			};
			name = Debug;
		};
		5F904C162077AF3F00C04E95 /* Release */ = {
			isa = XCBuildConfiguration;
			baseConfigurationReference = E2814BC05A4DEA588FFE72BE /* Pods-Ozkor.release.xcconfig */;
			buildSettings = {
				ASSETCATALOG_COMPILER_APPICON_NAME = AppIcon;
				CODE_SIGN_STYLE = Automatic;
				DEVELOPMENT_TEAM = 969Y6REAB6;
				INFOPLIST_FILE = Ozkor/Info.plist;
				LD_RUNPATH_SEARCH_PATHS = "$(inherited) @executable_path/Frameworks";
				PRODUCT_BUNDLE_IDENTIFIER = ShaDiLiX.Ozkor;
				PRODUCT_NAME = "$(TARGET_NAME)";
				SWIFT_VERSION = 4.0;
				TARGETED_DEVICE_FAMILY = "1,2";
			};
			name = Release;
		};
/* End XCBuildConfiguration section */

/* Begin XCConfigurationList section */
		5F904BFA2077AF3F00C04E95 /* Build configuration list for PBXProject "Ozkor" */ = {
			isa = XCConfigurationList;
			buildConfigurations = (
				5F904C122077AF3F00C04E95 /* Debug */,
				5F904C132077AF3F00C04E95 /* Release */,
			);
			defaultConfigurationIsVisible = 0;
			defaultConfigurationName = Release;
		};
		5F904C142077AF3F00C04E95 /* Build configuration list for PBXNativeTarget "Ozkor" */ = {
			isa = XCConfigurationList;
			buildConfigurations = (
				5F904C152077AF3F00C04E95 /* Debug */,
				5F904C162077AF3F00C04E95 /* Release */,
			);
			defaultConfigurationIsVisible = 0;
			defaultConfigurationName = Release;
		};
/* End XCConfigurationList section */

/* Begin XCVersionGroup section */
		5F904C092077AF3F00C04E95 /* Ozkor.xcdatamodeld */ = {
			isa = XCVersionGroup;
			children = (
				5F904C0A2077AF3F00C04E95 /* Ozkor.xcdatamodel */,
			);
			currentVersion = 5F904C0A2077AF3F00C04E95 /* Ozkor.xcdatamodel */;
			path = Ozkor.xcdatamodeld;
			sourceTree = "<group>";
			versionGroupType = wrapper.xcdatamodel;
		};
/* End XCVersionGroup section */
	};
	rootObject = 5F904BF72077AF3F00C04E95 /* Project object */;
}
